
Microsoft Visual Studio Solution File, Format Version 12.00
# Visual Studio Version 16
VisualStudioVersion = 16.0.31624.102
MinimumVisualStudioVersion = 10.0.40219.1
Project("{FAE04EC0-301F-11D3-BF4B-00C04F79EFBC}") = "Switch", "Switch\Switch.csproj", "{F3AA2C4A-FCEB-4CE8-9C2C-44781B8A194C}"
EndProject
Project("{FAE04EC0-301F-11D3-BF4B-00C04F79EFBC}") = "ehOMaior", "ehOMaior\ehOMaior.csproj", "{A4AF6908-FEB7-46D6-A8A2-8018319BD2D8}"
EndProject
Project("{FAE04EC0-301F-11D3-BF4B-00C04F79EFBC}") = "Triangulo", "Triangulo\Triangulo.csproj", "{1155CCBF-8025-4D35-B375-F2FCF777C193}"
EndProject
Project("{FAE04EC0-301F-11D3-BF4B-00C04F79EFBC}") = "arraysort", "arraysort\arraysort.csproj", "{A95FCE08-BBAB-42D9-9B8B-893B80E858D7}"
EndProject
Global
	GlobalSection(SolutionConfigurationPlatforms) = preSolution
		Debug|Any CPU = Debug|Any CPU
		Release|Any CPU = Release|Any CPU
	EndGlobalSection
	GlobalSection(ProjectConfigurationPlatforms) = postSolution
		{F3AA2C4A-FCEB-4CE8-9C2C-44781B8A194C}.Debug|Any CPU.ActiveCfg = Debug|Any CPU
		{F3AA2C4A-FCEB-4CE8-9C2C-44781B8A194C}.Debug|Any CPU.Build.0 = Debug|Any CPU
		{F3AA2C4A-FCEB-4CE8-9C2C-44781B8A194C}.Release|Any CPU.ActiveCfg = Release|Any CPU
		{F3AA2C4A-FCEB-4CE8-9C2C-44781B8A194C}.Release|Any CPU.Build.0 = Release|Any CPU
		{A4AF6908-FEB7-46D6-A8A2-8018319BD2D8}.Debug|Any CPU.ActiveCfg = Debug|Any CPU
		{A4AF6908-FEB7-46D6-A8A2-8018319BD2D8}.Debug|Any CPU.Build.0 = Debug|Any CPU
		{A4AF6908-FEB7-46D6-A8A2-8018319BD2D8}.Release|Any CPU.ActiveCfg = Release|Any CPU
		{A4AF6908-FEB7-46D6-A8A2-8018319BD2D8}.Release|Any CPU.Build.0 = Release|Any CPU
		{1155CCBF-8025-4D35-B375-F2FCF777C193}.Debug|Any CPU.ActiveCfg = Debug|Any CPU
		{1155CCBF-8025-4D35-B375-F2FCF777C193}.Debug|Any CPU.Build.0 = Debug|Any CPU
		{1155CCBF-8025-4D35-B375-F2FCF777C193}.Release|Any CPU.ActiveCfg = Release|Any CPU
		{1155CCBF-8025-4D35-B375-F2FCF777C193}.Release|Any CPU.Build.0 = Release|Any CPU
		{A95FCE08-BBAB-42D9-9B8B-893B80E858D7}.Debug|Any CPU.ActiveCfg = Debug|Any CPU
		{A95FCE08-BBAB-42D9-9B8B-893B80E858D7}.Debug|Any CPU.Build.0 = Debug|Any CPU
		{A95FCE08-BBAB-42D9-9B8B-893B80E858D7}.Release|Any CPU.ActiveCfg = Release|Any CPU
		{A95FCE08-BBAB-42D9-9B8B-893B80E858D7}.Release|Any CPU.Build.0 = Release|Any CPU
	EndGlobalSection
	GlobalSection(SolutionProperties) = preSolution
		HideSolutionNode = FALSE
	EndGlobalSection
	GlobalSection(ExtensibilityGlobals) = postSolution
		SolutionGuid = {14179E78-C8C8-4A17-96B4-1DA9CD2C6065}
	EndGlobalSection
EndGlobal
